{
  "name": "volc-rtc-web-pose-bridge",
  "version": "0.1.0",
  "lockfileVersion": 3,
  "requires": true,
  "packages": {
    "": {
      "name": "volc-rtc-web-pose-bridge",
      "version": "0.1.0",
      "dependencies": {
        "@mediapipe/tasks-vision": "^0.10.35",
        "@volcengine/rtc": "4.68.3"
      }
    },
    "node_modules/@mediapipe/tasks-vision": {
      "version": "0.10.35",
      "resolved": "https://registry.npmjs.org/@mediapipe/tasks-vision/-/tasks-vision-0.10.35.tgz",
      "integrity": "sha512-HOvadwVRE6JC+45nyYhmnywnr5h/J8KZvOeUNVOG9q/0875pZgItznFB9bRTvLc264YSJqiZ1NsIpCStJw/egg==",
      "license": "Apache-2.0"
    },
    "node_modules/@volcengine/rtc": {
      "version": "4.68.3",
      "resolved": "https://registry.npmjs.org/@volcengine/rtc/-/rtc-4.68.3.tgz",
      "integrity": "sha512-oW7UfpAFlE3++N4ZWAfAcJohhKtJbSC5RcKjOHzXVOR3E9urzm/5ErsurfyVcX/oPxsDh8239sRD2I6ZSJCq6A==",
      "license": "BSD-3-Clause",
      "dependencies": {
        "eventemitter3": "^4.0.7"
      }
    },
    "node_modules/eventemitter3": {
      "version": "4.0.7",
      "resolved": "https://registry.npmjs.org/eventemitter3/-/eventemitter3-4.0.7.tgz",
      "integrity": "sha512-8guHBZCwKnFhYdHr2ysuRWErTwhoN2X8XELRlrRwpmfeY2jjuUN4taQMsULKUVo1K4DvZl+0pgfyoysHxvmvEw==",
      "license": "MIT"
    }
  }
}
